{
  "name": "@vivarium/cli",
  "version": "0.1.0",
  "lockfileVersion": 3,
  "requires": true,
  "packages": {
    "": {
      "name": "@vivarium/cli",
      "version": "0.1.0",
      "license": "MIT",
      "dependencies": {
        "commander": "^13.1.0",
        "microsandbox": "^0.5.7"
      },
      "bin": {
        "viv": "dist/index.js"
      },
      "devDependencies": {
        "@types/node": "^22.15.0",
        "typescript": "^5.8.0"
      },
      "engines": {
        "node": ">=22"
      }
    },
    "node_modules/@superradcompany/microsandbox-darwin-arm64": {
      "version": "0.5.7",
      "resolved": "https://registry.npmjs.org/@superradcompany/microsandbox-darwin-arm64/-/microsandbox-darwin-arm64-0.5.7.tgz",
      "integrity": "sha512-/ZnoBI0l9mYvPrwS8xPQ5L+c5B6U+aescZsiGXbjIvW9m/2rvMvi+tvl/Rj/pISHME8r2/2AQTqiFk4wvVxbcQ==",
      "cpu": [
        "arm64"
      ],
      "license": "Apache-2.0",
      "optional": true,
      "os": [
        "darwin"
      ],
      "engines": {
        "node": ">= 22"
      }
    },
    "node_modules/@superradcompany/microsandbox-linux-arm64-gnu": {
      "version": "0.5.7",
      "resolved": "https://registry.npmjs.org/@superradcompany/microsandbox-linux-arm64-gnu/-/microsandbox-linux-arm64-gnu-0.5.7.tgz",
      "integrity": "sha512-OHn6eZ1eTdZxmz3cfgpQFo3wpGq1WkbyqnB5P+VQYRknl+HyBJTsGb22ayqiSpIrN07QGOGoHcOA2+43etk5fw==",
      "cpu": [
        "arm64"
      ],
      "libc": [
        "glibc"
      ],
      "license": "Apache-2.0",
      "optional": true,
      "os": [
        "linux"
      ],
      "engines": {
        "node": ">= 22"
      }
    },
    "node_modules/@superradcompany/microsandbox-linux-x64-gnu": {
      "version": "0.5.7",
      "resolved": "https://registry.npmjs.org/@superradcompany/microsandbox-linux-x64-gnu/-/microsandbox-linux-x64-gnu-0.5.7.tgz",
      "integrity": "sha512-YBh0uaVG62aUHOSeKptpEQO+R2l/OZcWzE8DoCqMvyXQ9thKva9DUxP7QD439zHlteReh2Suku6DW9SRBeyqhw==",
      "cpu": [
        "x64"
      ],
      "libc": [
        "glibc"
      ],
      "license": "Apache-2.0",
      "optional": true,
      "os": [
        "linux"
      ],
      "engines": {
        "node": ">= 22"
      }
    },
    "node_modules/@types/node": {
      "version": "22.19.21",
      "resolved": "https://registry.npmjs.org/@types/node/-/node-22.19.21.tgz",
      "integrity": "sha512-VMeFBSCKQKmm2swI2kW51SFusDqekC6q9trBCvJ/JliDchFSuoYYKN7yVNjPthP1HKZcx3U1gI/wTcEBjEFKTA==",
      "dev": true,
      "license": "MIT",
      "dependencies": {
        "undici-types": "~6.21.0"
      }
    },
    "node_modules/commander": {
      "version": "13.1.0",
      "resolved": "https://registry.npmjs.org/commander/-/commander-13.1.0.tgz",
      "integrity": "sha512-/rFeCpNJQbhSZjGVwO9RFV3xPqbnERS8MmIQzCtD/zl6gpJuV/bMLuN92oG3F7d8oDEHHRrujSXNUr8fpjntKw==",
      "license": "MIT",
      "engines": {
        "node": ">=18"
      }
    },
    "node_modules/microsandbox": {
      "version": "0.5.7",
      "resolved": "https://registry.npmjs.org/microsandbox/-/microsandbox-0.5.7.tgz",
      "integrity": "sha512-6M/J2HsBtQeKQN2zyglwozC/nFD5bQPsF9fuk5dJvBqE6z5oxmqR5TOWoLVq2d3f2iS88TioxwDH7+Sa/MVTCQ==",
      "license": "Apache-2.0",
      "bin": {
        "microsandbox": "bin/microsandbox.cjs",
        "msb": "bin/microsandbox.cjs"
      },
      "engines": {
        "node": ">= 22"
      },
      "optionalDependencies": {
        "@superradcompany/microsandbox-darwin-arm64": "0.5.7",
        "@superradcompany/microsandbox-linux-arm64-gnu": "0.5.7",
        "@superradcompany/microsandbox-linux-x64-gnu": "0.5.7"
      }
    },
    "node_modules/typescript": {
      "version": "5.9.3",
      "resolved": "https://registry.npmjs.org/typescript/-/typescript-5.9.3.tgz",
      "integrity": "sha512-jl1vZzPDinLr9eUt3J/t7V6FgNEw9QjvBPdysz9KfQDD41fQrC2Y4vKQdiaUpFT4bXlb1RHhLpp8wtm6M5TgSw==",
      "dev": true,
      "license": "Apache-2.0",
      "bin": {
        "tsc": "bin/tsc",
        "tsserver": "bin/tsserver"
      },
      "engines": {
        "node": ">=14.17"
      }
    },
    "node_modules/undici-types": {
      "version": "6.21.0",
      "resolved": "https://registry.npmjs.org/undici-types/-/undici-types-6.21.0.tgz",
      "integrity": "sha512-iwDZqg0QAGrg9Rav5H4n0M64c3mkR59cJ6wQp+7C4nI0gsmExaedaYLNO44eT4AtBBwjbTiGPMlt2Md0T9H9JQ==",
      "dev": true,
      "license": "MIT"
    }
  }
}
